
Microsoft Visual Studio Solution File, Format Version 12.00
# Visual Studio Version 16
VisualStudioVersion = 16.0.30517.126
MinimumVisualStudioVersion = 10.0.40219.1
Project("{FAE04EC0-301F-11D3-BF4B-00C04F79EFBC}") = "ConsultaMedica", "ConsultaMedica.csproj", "{02104E4D-BDD8-4E2F-B1D6-40767AB3C787}"
EndProject
Project("{FAE04EC0-301F-11D3-BF4B-00C04F79EFBC}") = "ConsultaMedica.Tests", "..\ConsultaMedica.Tests\ConsultaMedica.Tests.csproj", "{3200EB35-8CB9-4575-B302-86AF8D6AAFDD}"
EndProject
Global
	GlobalSection(SolutionConfigurationPlatforms) = preSolution
		Debug|Any CPU = Debug|Any CPU
		Release|Any CPU = Release|Any CPU
	EndGlobalSection
	GlobalSection(ProjectConfigurationPlatforms) = postSolution
		{02104E4D-BDD8-4E2F-B1D6-40767AB3C787}.Debug|Any CPU.ActiveCfg = Debug|Any CPU
		{02104E4D-BDD8-4E2F-B1D6-40767AB3C787}.Debug|Any CPU.Build.0 = Debug|Any CPU
		{02104E4D-BDD8-4E2F-B1D6-40767AB3C787}.Release|Any CPU.ActiveCfg = Release|Any CPU
		{02104E4D-BDD8-4E2F-B1D6-40767AB3C787}.Release|Any CPU.Build.0 = Release|Any CPU
		{3200EB35-8CB9-4575-B302-86AF8D6AAFDD}.Debug|Any CPU.ActiveCfg = Debug|Any CPU
		{3200EB35-8CB9-4575-B302-86AF8D6AAFDD}.Debug|Any CPU.Build.0 = Debug|Any CPU
		{3200EB35-8CB9-4575-B302-86AF8D6AAFDD}.Release|Any CPU.ActiveCfg = Release|Any CPU
		{3200EB35-8CB9-4575-B302-86AF8D6AAFDD}.Release|Any CPU.Build.0 = Release|Any CPU
	EndGlobalSection
	GlobalSection(SolutionProperties) = preSolution
		HideSolutionNode = FALSE
	EndGlobalSection
	GlobalSection(ExtensibilityGlobals) = postSolution
		SolutionGuid = {5C510CF4-945E-4259-812E-67AE8E6C1069}
	EndGlobalSection
EndGlobal
